
Microsoft Visual Studio Solution File, Format Version 12.00
# Visual Studio Version 16
VisualStudioVersion = 16.0.31729.503
MinimumVisualStudioVersion = 10.0.40219.1
Project("{FAE04EC0-301F-11D3-BF4B-00C04F79EFBC}") = "DapperDemoApp", "DapperDemoApp\DapperDemoApp.csproj", "{619378A9-C85B-4DD4-9038-E6B252002DFA}"
EndProject
Global
	GlobalSection(SolutionConfigurationPlatforms) = preSolution
		Debug|Any CPU = Debug|Any CPU
		Release|Any CPU = Release|Any CPU
	EndGlobalSection
	GlobalSection(ProjectConfigurationPlatforms) = postSolution
		{619378A9-C85B-4DD4-9038-E6B252002DFA}.Debug|Any CPU.ActiveCfg = Debug|Any CPU
		{619378A9-C85B-4DD4-9038-E6B252002DFA}.Debug|Any CPU.Build.0 = Debug|Any CPU
		{619378A9-C85B-4DD4-9038-E6B252002DFA}.Release|Any CPU.ActiveCfg = Release|Any CPU
		{619378A9-C85B-4DD4-9038-E6B252002DFA}.Release|Any CPU.Build.0 = Release|Any CPU
	EndGlobalSection
	GlobalSection(SolutionProperties) = preSolution
		HideSolutionNode = FALSE
	EndGlobalSection
	GlobalSection(ExtensibilityGlobals) = postSolution
		SolutionGuid = {06DD13E6-5566-42FA-8CC6-6E459E775FDD}
	EndGlobalSection
EndGlobal
